
Microsoft Visual Studio Solution File, Format Version 12.00
# Visual Studio Express 2012 for Windows Desktop
Project("{8BC9CEB8-8B4A-11D0-8D11-00A0C91BC942}") = "Combination", "Combination\Combination.vcxproj", "{F48B6F8C-E560-4025-940F-A800101BA1D2}"
EndProject
Global
	GlobalSection(SolutionConfigurationPlatforms) = preSolution
		Debug|Win32 = Debug|Win32
		Release|Win32 = Release|Win32
	EndGlobalSection
	GlobalSection(ProjectConfigurationPlatforms) = postSolution
		{F48B6F8C-E560-4025-940F-A800101BA1D2}.Debug|Win32.ActiveCfg = Debug|Win32
		{F48B6F8C-E560-4025-940F-A800101BA1D2}.Debug|Win32.Build.0 = Debug|Win32
		{F48B6F8C-E560-4025-940F-A800101BA1D2}.Release|Win32.ActiveCfg = Release|Win32
		{F48B6F8C-E560-4025-940F-A800101BA1D2}.Release|Win32.Build.0 = Release|Win32
	EndGlobalSection
	GlobalSection(SolutionProperties) = preSolution
		HideSolutionNode = FALSE
	EndGlobalSection
EndGlobal
